
Microsoft Visual Studio Solution File, Format Version 12.00
# Visual Studio Version 16
VisualStudioVersion = 16.0.34031.81
MinimumVisualStudioVersion = 10.0.40219.1
Project("{2150E333-8FDC-42A3-9474-1A3956D46DE8}") = "Task0", "Task0", "{374725D2-C6DC-41FD-A6BB-10A13AC08816}"
EndProject
Project("{FAE04EC0-301F-11D3-BF4B-00C04F79EFBC}") = "Tyuiu.SysoevDA.Sprint1.Task0.V0", "Tyuiu.SysoevDA.Sprint1.Task0.V0\Tyuiu.SysoevDA.Sprint1.Task0.V0.csproj", "{9A2F5617-2176-4F4F-8125-624DAB59C37A}"
EndProject
Project("{FAE04EC0-301F-11D3-BF4B-00C04F79EFBC}") = "Tyuiu.SysoevDA.Sprint1.Task0.V0.Test", "Tyuiu.SysoevDA.Sprint1.Task0.V0.Test\Tyuiu.SysoevDA.Sprint1.Task0.V0.Test.csproj", "{140A11B8-FAAC-4194-A798-F6EF980C9E68}"
EndProject
Project("{FAE04EC0-301F-11D3-BF4B-00C04F79EFBC}") = "Tyuiu.SysoevDA.Sprint1.Task0.V0.Lib", "Tyuiu.SysoevDA.Sprint1.Task0.V0.Lib\Tyuiu.SysoevDA.Sprint1.Task0.V0.Lib.csproj", "{FEC58DFB-1CFE-41C5-9116-9D0F5FBB6297}"
EndProject
Project("{2150E333-8FDC-42A3-9474-1A3956D46DE8}") = "Task1", "Task1", "{67497ECA-067A-4383-9527-CB76E10F5A85}"
EndProject
Project("{FAE04EC0-301F-11D3-BF4B-00C04F79EFBC}") = "Tyuiu.SysoevDA.Sprint1.Task1.V20", "Tyuiu.SysoevDA.Sprint1.Task1.V0\Tyuiu.SysoevDA.Sprint1.Task1.V20.csproj", "{B2B29B05-76D8-403C-A717-9277DECBA29F}"
EndProject
Project("{FAE04EC0-301F-11D3-BF4B-00C04F79EFBC}") = "Tyuiu.SysoevDA.Sprint1.Task1.V20.Lib", "Tyuiu.SysoevDA.Sprint1.Task1.V0.Lib\Tyuiu.SysoevDA.Sprint1.Task1.V20.Lib.csproj", "{61CEB825-4BBC-42CD-8B08-613597912E8C}"
EndProject
Project("{FAE04EC0-301F-11D3-BF4B-00C04F79EFBC}") = "Tyuiu.SysoevDA.Sprint1.Task1.V20.Test", "Tyuiu.SysoevDA.Sprint1.Task1.V0.Test\Tyuiu.SysoevDA.Sprint1.Task1.V20.Test.csproj", "{BF06F31A-D53E-408C-8D3A-53BCE2B989E3}"
EndProject
Project("{2150E333-8FDC-42A3-9474-1A3956D46DE8}") = "Task2", "Task2", "{4460B04B-4A0B-45A0-A938-72BB570C6464}"
EndProject
Project("{FAE04EC0-301F-11D3-BF4B-00C04F79EFBC}") = "Tyuiu.SysoevDA.Sprint1.Task2.V8", "Tyuiu.SysoevDA.Sprint1.Task2.V0\Tyuiu.SysoevDA.Sprint1.Task2.V8.csproj", "{F527D87A-8F4E-4727-B61D-060E5677F259}"
EndProject
Project("{FAE04EC0-301F-11D3-BF4B-00C04F79EFBC}") = "Tyuiu.SysoevDA.Sprint1.Task2.V8.Test", "Tyuiu.SysoevDA.Sprint1.Task2.V8.Test\Tyuiu.SysoevDA.Sprint1.Task2.V8.Test.csproj", "{5393B41E-A16D-4180-AC6D-C46FBA6D39AB}"
EndProject
Project("{FAE04EC0-301F-11D3-BF4B-00C04F79EFBC}") = "Tyuiu.SysoevDA.Sprint1.Task2.V8.Lib", "Tyuiu.SysoevDA.Sprint1.Task2.V8.Lib\Tyuiu.SysoevDA.Sprint1.Task2.V8.Lib.csproj", "{B864426A-9ADE-4B36-A8CD-0E53BEA34247}"
EndProject
Project("{2150E333-8FDC-42A3-9474-1A3956D46DE8}") = "Task3", "Task3", "{A7162051-8451-42D7-BEBA-D40704C5719A}"
EndProject
Project("{FAE04EC0-301F-11D3-BF4B-00C04F79EFBC}") = "Tyuiu.SysoevDA.Sprint1.Task3.V13.Lib", "Tyuiu.SysoevDA.Sprint1.Task3.V13.Lib\Tyuiu.SysoevDA.Sprint1.Task3.V13.Lib.csproj", "{FDA1527E-FD7B-4828-BC8F-4CBC2C67FDC7}"
EndProject
Project("{FAE04EC0-301F-11D3-BF4B-00C04F79EFBC}") = "Tyuiu.SysoevDA.Sprint1.Task3.V13.Test", "Tyuiu.SysoevDA.Sprint1.Task3.V13.Test\Tyuiu.SysoevDA.Sprint1.Task3.V13.Test.csproj", "{2DCAD033-4590-44E1-94EC-FBA8A1ECB507}"
EndProject
Project("{FAE04EC0-301F-11D3-BF4B-00C04F79EFBC}") = "Tyuiu.SysoevDA.Sprint1.Task3.V13", "Tyuiu.SysoevDA.Sprint1.Task3.V13\Tyuiu.SysoevDA.Sprint1.Task3.V13.csproj", "{62A9E73D-290D-4027-B821-E1E991BD51D5}"
EndProject
Project("{2150E333-8FDC-42A3-9474-1A3956D46DE8}") = "Task4", "Task4", "{CF765EF2-EA8E-4266-A3E9-A13CAB6D952E}"
EndProject
Project("{FAE04EC0-301F-11D3-BF4B-00C04F79EFBC}") = "Tyuiu.SysoevDA.Sprint1.Task4.V6", "Tyuiu.SysoevDA.Sprint1.Task4.V6\Tyuiu.SysoevDA.Sprint1.Task4.V6.csproj", "{0297B80C-5FF1-44E4-8120-F14FF1283EAC}"
EndProject
Project("{FAE04EC0-301F-11D3-BF4B-00C04F79EFBC}") = "Tyuiu.SysoevDA.Sprint1.Task4.V6.Test", "Tyuiu.SysoevDA.Sprint1.Task4.V6.Test\Tyuiu.SysoevDA.Sprint1.Task4.V6.Test.csproj", "{B0B6E96F-A2B5-4767-856B-5E34566B7D82}"
EndProject
Project("{FAE04EC0-301F-11D3-BF4B-00C04F79EFBC}") = "Tyuiu.SysoevDA.Sprint1.Task4.V6.Lib", "Tyuiu.SysoevDA.Sprint1.Task4.V6.Lib\Tyuiu.SysoevDA.Sprint1.Task4.V6.Lib.csproj", "{5C8AF41E-AF7D-4E40-A2FC-8DA9A7BB8DAA}"
EndProject
Project("{2150E333-8FDC-42A3-9474-1A3956D46DE8}") = "Task5", "Task5", "{C364D203-0793-4B47-BBFF-34EB928C9727}"
EndProject
Project("{FAE04EC0-301F-11D3-BF4B-00C04F79EFBC}") = "Tyuiu.SysoevDA.Sprint1.Task5.V2", "Tyuiu.SysoevDA.Sprint1.Task5.V2\Tyuiu.SysoevDA.Sprint1.Task5.V2.csproj", "{A470DC18-0DDF-4011-A610-CE251EA416DA}"
EndProject
Project("{FAE04EC0-301F-11D3-BF4B-00C04F79EFBC}") = "Tyuiu.SysoevDA.Sprint1.Task5.V2.Test", "Tyuiu.SysoevDA.Sprint1.Task5.V2.Test\Tyuiu.SysoevDA.Sprint1.Task5.V2.Test.csproj", "{D6783970-BEBA-4E66-966B-9CD4AF2C30BF}"
EndProject
Project("{FAE04EC0-301F-11D3-BF4B-00C04F79EFBC}") = "Tyuiu.SysoevDA.Sprint1.Task5.V2.Lib", "Tyuiu.SysoevDA.Sprint1.Task5.V2.Lib\Tyuiu.SysoevDA.Sprint1.Task5.V2.Lib.csproj", "{A6D019F9-5B2E-4CB5-8AE9-5C05FF71AABD}"
EndProject
Global
	GlobalSection(SolutionConfigurationPlatforms) = preSolution
		Debug|Any CPU = Debug|Any CPU
		Release|Any CPU = Release|Any CPU
	EndGlobalSection
	GlobalSection(ProjectConfigurationPlatforms) = postSolution
		{9A2F5617-2176-4F4F-8125-624DAB59C37A}.Debug|Any CPU.ActiveCfg = Debug|Any CPU
		{9A2F5617-2176-4F4F-8125-624DAB59C37A}.Debug|Any CPU.Build.0 = Debug|Any CPU
		{9A2F5617-2176-4F4F-8125-624DAB59C37A}.Release|Any CPU.ActiveCfg = Release|Any CPU
		{9A2F5617-2176-4F4F-8125-624DAB59C37A}.Release|Any CPU.Build.0 = Release|Any CPU
		{140A11B8-FAAC-4194-A798-F6EF980C9E68}.Debug|Any CPU.ActiveCfg = Debug|Any CPU
		{140A11B8-FAAC-4194-A798-F6EF980C9E68}.Debug|Any CPU.Build.0 = Debug|Any CPU
		{140A11B8-FAAC-4194-A798-F6EF980C9E68}.Release|Any CPU.ActiveCfg = Release|Any CPU
		{140A11B8-FAAC-4194-A798-F6EF980C9E68}.Release|Any CPU.Build.0 = Release|Any CPU
		{FEC58DFB-1CFE-41C5-9116-9D0F5FBB6297}.Debug|Any CPU.ActiveCfg = Debug|Any CPU
		{FEC58DFB-1CFE-41C5-9116-9D0F5FBB6297}.Debug|Any CPU.Build.0 = Debug|Any CPU
		{FEC58DFB-1CFE-41C5-9116-9D0F5FBB6297}.Release|Any CPU.ActiveCfg = Release|Any CPU
		{FEC58DFB-1CFE-41C5-9116-9D0F5FBB6297}.Release|Any CPU.Build.0 = Release|Any CPU
		{B2B29B05-76D8-403C-A717-9277DECBA29F}.Debug|Any CPU.ActiveCfg = Debug|Any CPU
		{B2B29B05-76D8-403C-A717-9277DECBA29F}.Debug|Any CPU.Build.0 = Debug|Any CPU
		{B2B29B05-76D8-403C-A717-9277DECBA29F}.Release|Any CPU.ActiveCfg = Release|Any CPU
		{B2B29B05-76D8-403C-A717-9277DECBA29F}.Release|Any CPU.Build.0 = Release|Any CPU
		{61CEB825-4BBC-42CD-8B08-613597912E8C}.Debug|Any CPU.ActiveCfg = Debug|Any CPU
		{61CEB825-4BBC-42CD-8B08-613597912E8C}.Debug|Any CPU.Build.0 = Debug|Any CPU
		{61CEB825-4BBC-42CD-8B08-613597912E8C}.Release|Any CPU.ActiveCfg = Release|Any CPU
		{61CEB825-4BBC-42CD-8B08-613597912E8C}.Release|Any CPU.Build.0 = Release|Any CPU
		{BF06F31A-D53E-408C-8D3A-53BCE2B989E3}.Debug|Any CPU.ActiveCfg = Debug|Any CPU
		{BF06F31A-D53E-408C-8D3A-53BCE2B989E3}.Debug|Any CPU.Build.0 = Debug|Any CPU
		{BF06F31A-D53E-408C-8D3A-53BCE2B989E3}.Release|Any CPU.ActiveCfg = Release|Any CPU
		{BF06F31A-D53E-408C-8D3A-53BCE2B989E3}.Release|Any CPU.Build.0 = Release|Any CPU
		{F527D87A-8F4E-4727-B61D-060E5677F259}.Debug|Any CPU.ActiveCfg = Debug|Any CPU
		{F527D87A-8F4E-4727-B61D-060E5677F259}.Debug|Any CPU.Build.0 = Debug|Any CPU
		{F527D87A-8F4E-4727-B61D-060E5677F259}.Release|Any CPU.ActiveCfg = Release|Any CPU
		{F527D87A-8F4E-4727-B61D-060E5677F259}.Release|Any CPU.Build.0 = Release|Any CPU
		{5393B41E-A16D-4180-AC6D-C46FBA6D39AB}.Debug|Any CPU.ActiveCfg = Debug|Any CPU
		{5393B41E-A16D-4180-AC6D-C46FBA6D39AB}.Debug|Any CPU.Build.0 = Debug|Any CPU
		{5393B41E-A16D-4180-AC6D-C46FBA6D39AB}.Release|Any CPU.ActiveCfg = Release|Any CPU
		{5393B41E-A16D-4180-AC6D-C46FBA6D39AB}.Release|Any CPU.Build.0 = Release|Any CPU
		{B864426A-9ADE-4B36-A8CD-0E53BEA34247}.Debug|Any CPU.ActiveCfg = Debug|Any CPU
		{B864426A-9ADE-4B36-A8CD-0E53BEA34247}.Debug|Any CPU.Build.0 = Debug|Any CPU
		{B864426A-9ADE-4B36-A8CD-0E53BEA34247}.Release|Any CPU.ActiveCfg = Release|Any CPU
		{B864426A-9ADE-4B36-A8CD-0E53BEA34247}.Release|Any CPU.Build.0 = Release|Any CPU
		{FDA1527E-FD7B-4828-BC8F-4CBC2C67FDC7}.Debug|Any CPU.ActiveCfg = Debug|Any CPU
		{FDA1527E-FD7B-4828-BC8F-4CBC2C67FDC7}.Debug|Any CPU.Build.0 = Debug|Any CPU
		{FDA1527E-FD7B-4828-BC8F-4CBC2C67FDC7}.Release|Any CPU.ActiveCfg = Release|Any CPU
		{FDA1527E-FD7B-4828-BC8F-4CBC2C67FDC7}.Release|Any CPU.Build.0 = Release|Any CPU
		{2DCAD033-4590-44E1-94EC-FBA8A1ECB507}.Debug|Any CPU.ActiveCfg = Debug|Any CPU
		{2DCAD033-4590-44E1-94EC-FBA8A1ECB507}.Debug|Any CPU.Build.0 = Debug|Any CPU
		{2DCAD033-4590-44E1-94EC-FBA8A1ECB507}.Release|Any CPU.ActiveCfg = Release|Any CPU
		{2DCAD033-4590-44E1-94EC-FBA8A1ECB507}.Release|Any CPU.Build.0 = Release|Any CPU
		{62A9E73D-290D-4027-B821-E1E991BD51D5}.Debug|Any CPU.ActiveCfg = Debug|Any CPU
		{62A9E73D-290D-4027-B821-E1E991BD51D5}.Debug|Any CPU.Build.0 = Debug|Any CPU
		{62A9E73D-290D-4027-B821-E1E991BD51D5}.Release|Any CPU.ActiveCfg = Release|Any CPU
		{62A9E73D-290D-4027-B821-E1E991BD51D5}.Release|Any CPU.Build.0 = Release|Any CPU
		{0297B80C-5FF1-44E4-8120-F14FF1283EAC}.Debug|Any CPU.ActiveCfg = Debug|Any CPU
		{0297B80C-5FF1-44E4-8120-F14FF1283EAC}.Debug|Any CPU.Build.0 = Debug|Any CPU
		{0297B80C-5FF1-44E4-8120-F14FF1283EAC}.Release|Any CPU.ActiveCfg = Release|Any CPU
		{0297B80C-5FF1-44E4-8120-F14FF1283EAC}.Release|Any CPU.Build.0 = Release|Any CPU
		{B0B6E96F-A2B5-4767-856B-5E34566B7D82}.Debug|Any CPU.ActiveCfg = Debug|Any CPU
		{B0B6E96F-A2B5-4767-856B-5E34566B7D82}.Debug|Any CPU.Build.0 = Debug|Any CPU
		{B0B6E96F-A2B5-4767-856B-5E34566B7D82}.Release|Any CPU.ActiveCfg = Release|Any CPU
		{B0B6E96F-A2B5-4767-856B-5E34566B7D82}.Release|Any CPU.Build.0 = Release|Any CPU
		{5C8AF41E-AF7D-4E40-A2FC-8DA9A7BB8DAA}.Debug|Any CPU.ActiveCfg = Debug|Any CPU
		{5C8AF41E-AF7D-4E40-A2FC-8DA9A7BB8DAA}.Debug|Any CPU.Build.0 = Debug|Any CPU
		{5C8AF41E-AF7D-4E40-A2FC-8DA9A7BB8DAA}.Release|Any CPU.ActiveCfg = Release|Any CPU
		{5C8AF41E-AF7D-4E40-A2FC-8DA9A7BB8DAA}.Release|Any CPU.Build.0 = Release|Any CPU
		{A470DC18-0DDF-4011-A610-CE251EA416DA}.Debug|Any CPU.ActiveCfg = Debug|Any CPU
		{A470DC18-0DDF-4011-A610-CE251EA416DA}.Debug|Any CPU.Build.0 = Debug|Any CPU
		{A470DC18-0DDF-4011-A610-CE251EA416DA}.Release|Any CPU.ActiveCfg = Release|Any CPU
		{A470DC18-0DDF-4011-A610-CE251EA416DA}.Release|Any CPU.Build.0 = Release|Any CPU
		{D6783970-BEBA-4E66-966B-9CD4AF2C30BF}.Debug|Any CPU.ActiveCfg = Debug|Any CPU
		{D6783970-BEBA-4E66-966B-9CD4AF2C30BF}.Debug|Any CPU.Build.0 = Debug|Any CPU
		{D6783970-BEBA-4E66-966B-9CD4AF2C30BF}.Release|Any CPU.ActiveCfg = Release|Any CPU
		{D6783970-BEBA-4E66-966B-9CD4AF2C30BF}.Release|Any CPU.Build.0 = Release|Any CPU
		{A6D019F9-5B2E-4CB5-8AE9-5C05FF71AABD}.Debug|Any CPU.ActiveCfg = Debug|Any CPU
		{A6D019F9-5B2E-4CB5-8AE9-5C05FF71AABD}.Debug|Any CPU.Build.0 = Debug|Any CPU
		{A6D019F9-5B2E-4CB5-8AE9-5C05FF71AABD}.Release|Any CPU.ActiveCfg = Release|Any CPU
		{A6D019F9-5B2E-4CB5-8AE9-5C05FF71AABD}.Release|Any CPU.Build.0 = Release|Any CPU
	EndGlobalSection
	GlobalSection(SolutionProperties) = preSolution
		HideSolutionNode = FALSE
	EndGlobalSection
	GlobalSection(NestedProjects) = preSolution
		{9A2F5617-2176-4F4F-8125-624DAB59C37A} = {374725D2-C6DC-41FD-A6BB-10A13AC08816}
		{140A11B8-FAAC-4194-A798-F6EF980C9E68} = {374725D2-C6DC-41FD-A6BB-10A13AC08816}
		{FEC58DFB-1CFE-41C5-9116-9D0F5FBB6297} = {374725D2-C6DC-41FD-A6BB-10A13AC08816}
		{B2B29B05-76D8-403C-A717-9277DECBA29F} = {67497ECA-067A-4383-9527-CB76E10F5A85}
		{61CEB825-4BBC-42CD-8B08-613597912E8C} = {67497ECA-067A-4383-9527-CB76E10F5A85}
		{BF06F31A-D53E-408C-8D3A-53BCE2B989E3} = {67497ECA-067A-4383-9527-CB76E10F5A85}
		{F527D87A-8F4E-4727-B61D-060E5677F259} = {4460B04B-4A0B-45A0-A938-72BB570C6464}
		{5393B41E-A16D-4180-AC6D-C46FBA6D39AB} = {4460B04B-4A0B-45A0-A938-72BB570C6464}
		{B864426A-9ADE-4B36-A8CD-0E53BEA34247} = {4460B04B-4A0B-45A0-A938-72BB570C6464}
		{FDA1527E-FD7B-4828-BC8F-4CBC2C67FDC7} = {A7162051-8451-42D7-BEBA-D40704C5719A}
		{2DCAD033-4590-44E1-94EC-FBA8A1ECB507} = {A7162051-8451-42D7-BEBA-D40704C5719A}
		{62A9E73D-290D-4027-B821-E1E991BD51D5} = {A7162051-8451-42D7-BEBA-D40704C5719A}
		{0297B80C-5FF1-44E4-8120-F14FF1283EAC} = {CF765EF2-EA8E-4266-A3E9-A13CAB6D952E}
		{B0B6E96F-A2B5-4767-856B-5E34566B7D82} = {CF765EF2-EA8E-4266-A3E9-A13CAB6D952E}
		{5C8AF41E-AF7D-4E40-A2FC-8DA9A7BB8DAA} = {CF765EF2-EA8E-4266-A3E9-A13CAB6D952E}
		{A470DC18-0DDF-4011-A610-CE251EA416DA} = {C364D203-0793-4B47-BBFF-34EB928C9727}
		{D6783970-BEBA-4E66-966B-9CD4AF2C30BF} = {C364D203-0793-4B47-BBFF-34EB928C9727}
		{A6D019F9-5B2E-4CB5-8AE9-5C05FF71AABD} = {C364D203-0793-4B47-BBFF-34EB928C9727}
	EndGlobalSection
	GlobalSection(ExtensibilityGlobals) = postSolution
		SolutionGuid = {B98B9486-1E68-47AD-8820-5EAC4E9FE554}
	EndGlobalSection
EndGlobal
